
Microsoft Visual Studio Solution File, Format Version 12.00
# Visual Studio Version 16
VisualStudioVersion = 16.0.29926.136
MinimumVisualStudioVersion = 10.0.40219.1
Project("{FAE04EC0-301F-11D3-BF4B-00C04F79EFBC}") = "KafkaProducer", "KafkaProducer\KafkaProducer.csproj", "{34941CE4-B73D-4FFE-892F-2B353245E5A8}"
EndProject
Global
	GlobalSection(SolutionConfigurationPlatforms) = preSolution
		Debug|Any CPU = Debug|Any CPU
		Release|Any CPU = Release|Any CPU
	EndGlobalSection
	GlobalSection(ProjectConfigurationPlatforms) = postSolution
		{34941CE4-B73D-4FFE-892F-2B353245E5A8}.Debug|Any CPU.ActiveCfg = Debug|Any CPU
		{34941CE4-B73D-4FFE-892F-2B353245E5A8}.Debug|Any CPU.Build.0 = Debug|Any CPU
		{34941CE4-B73D-4FFE-892F-2B353245E5A8}.Release|Any CPU.ActiveCfg = Release|Any CPU
		{34941CE4-B73D-4FFE-892F-2B353245E5A8}.Release|Any CPU.Build.0 = Release|Any CPU
	EndGlobalSection
	GlobalSection(SolutionProperties) = preSolution
		HideSolutionNode = FALSE
	EndGlobalSection
	GlobalSection(ExtensibilityGlobals) = postSolution
		SolutionGuid = {7C607891-2DEF-4A85-BCD3-C0A93FB4D2C6}
	EndGlobalSection
EndGlobal
